// !$*UTF8*$!
{
	archiveVersion = 1;
	classes = {
	};
	objectVersion = 46;
	objects = {

/* Begin PBXBuildFile section */
		4E7A26681BB8F39800026765 /* main.m in Sources */ = {isa = PBXBuildFile; fileRef = 4E7A26671BB8F39800026765 /* main.m */; };
		4E7A266B1BB8F39800026765 /* AppDelegate.m in Sources */ = {isa = PBXBuildFile; fileRef = 4E7A266A1BB8F39800026765 /* AppDelegate.m */; };
		4E7A266E1BB8F39800026765 /* ViewController.m in Sources */ = {isa = PBXBuildFile; fileRef = 4E7A266D1BB8F39800026765 /* ViewController.m */; };
		4E7A26711BB8F39800026765 /* Main.storyboard in Resources */ = {isa = PBXBuildFile; fileRef = 4E7A266F1BB8F39800026765 /* Main.storyboard */; };
		4E7A26731BB8F39800026765 /* Assets.xcassets in Resources */ = {isa = PBXBuildFile; fileRef = 4E7A26721BB8F39800026765 /* Assets.xcassets */; };
		4E7A26761BB8F39800026765 /* LaunchScreen.storyboard in Resources */ = {isa = PBXBuildFile; fileRef = 4E7A26741BB8F39800026765 /* LaunchScreen.storyboard */; };
		4E7A26811BB8F39800026765 /* dafafagaTests.m in Sources */ = {isa = PBXBuildFile; fileRef = 4E7A26801BB8F39800026765 /* dafafagaTests.m */; };
/* End PBXBuildFile section */

/* Begin PBXContainerItemProxy section */
		4E7A267D1BB8F39800026765 /* PBXContainerItemProxy */ = {
			isa = PBXContainerItemProxy;
			containerPortal = 4E7A265B1BB8F39800026765 /* Project object */;
			proxyType = 1;
			remoteGlobalIDString = 4E7A26621BB8F39800026765;
			remoteInfo = dafafaga;
		};
/* End PBXContainerItemProxy section */

/* Begin PBXFileReference section */
		4E7A26631BB8F39800026765 /* dafafaga.app */ = {isa = PBXFileReference; explicitFileType = wrapper.application; includeInIndex = 0; path = dafafaga.app; sourceTree = BUILT_PRODUCTS_DIR; };
		4E7A26671BB8F39800026765 /* main.m */ = {isa = PBXFileReference; lastKnownFileType = sourcecode.c.objc; path = main.m; sourceTree = "<group>"; };
		4E7A26691BB8F39800026765 /* AppDelegate.h */ = {isa = PBXFileReference; lastKnownFileType = sourcecode.c.h; path = AppDelegate.h; sourceTree = "<group>"; };
		4E7A266A1BB8F39800026765 /* AppDelegate.m */ = {isa = PBXFileReference; lastKnownFileType = sourcecode.c.objc; path = AppDelegate.m; sourceTree = "<group>"; };
		4E7A266C1BB8F39800026765 /* ViewController.h */ = {isa = PBXFileReference; lastKnownFileType = sourcecode.c.h; path = ViewController.h; sourceTree = "<group>"; };
		4E7A266D1BB8F39800026765 /* ViewController.m */ = {isa = PBXFileReference; lastKnownFileType = sourcecode.c.objc; path = ViewController.m; sourceTree = "<group>"; };
		4E7A26701BB8F39800026765 /* Base */ = {isa = PBXFileReference; lastKnownFileType = file.storyboard; name = Base; path = Base.lproj/Main.storyboard; sourceTree = "<group>"; };
		4E7A26721BB8F39800026765 /* Assets.xcassets */ = {isa = PBXFileReference; lastKnownFileType = folder.assetcatalog; path = Assets.xcassets; sourceTree = "<group>"; };
		4E7A26751BB8F39800026765 /* Base */ = {isa = PBXFileReference; lastKnownFileType = file.storyboard; name = Base; path = Base.lproj/LaunchScreen.storyboard; sourceTree = "<group>"; };
		4E7A26771BB8F39800026765 /* Info.plist */ = {isa = PBXFileReference; lastKnownFileType = text.plist.xml; path = Info.plist; sourceTree = "<group>"; };
		4E7A267C1BB8F39800026765 /* dafafagaTests.xctest */ = {isa = PBXFileReference; explicitFileType = wrapper.cfbundle; includeInIndex = 0; path = dafafagaTests.xctest; sourceTree = BUILT_PRODUCTS_DIR; };
		4E7A26801BB8F39800026765 /* dafafagaTests.m */ = {isa = PBXFileReference; lastKnownFileType = sourcecode.c.objc; path = dafafagaTests.m; sourceTree = "<group>"; };
		4E7A26821BB8F39800026765 /* Info.plist */ = {isa = PBXFileReference; lastKnownFileType = text.plist.xml; path = Info.plist; sourceTree = "<group>"; };
/* End PBXFileReference section */

/* Begin PBXFrameworksBuildPhase section */
		4E7A26601BB8F39800026765 /* Frameworks */ = {
			isa = PBXFrameworksBuildPhase;
			buildActionMask = 2147483647;
			files = (
			);
			runOnlyForDeploymentPostprocessing = 0;
		};
		4E7A26791BB8F39800026765 /* Frameworks */ = {
			isa = PBXFrameworksBuildPhase;
			buildActionMask = 2147483647;
			files = (
			);
			runOnlyForDeploymentPostprocessing = 0;
		};
/* End PBXFrameworksBuildPhase section */

/* Begin PBXGroup section */
		4E7A265A1BB8F39800026765 = {
			isa = PBXGroup;
			children = (
				4E7A26651BB8F39800026765 /* dafafaga */,
				4E7A267F1BB8F39800026765 /* dafafagaTests */,
				4E7A26641BB8F39800026765 /* Products */,
			);
			sourceTree = "<group>";
		};
		4E7A26641BB8F39800026765 /* Products */ = {
			isa = PBXGroup;
			children = (
				4E7A26631BB8F39800026765 /* dafafaga.app */,
				4E7A267C1BB8F39800026765 /* dafafagaTests.xctest */,
			);
			name = Products;
			sourceTree = "<group>";
		};
		4E7A26651BB8F39800026765 /* dafafaga */ = {
			isa = PBXGroup;
			children = (
				4E7A26691BB8F39800026765 /* AppDelegate.h */,
				4E7A266A1BB8F39800026765 /* AppDelegate.m */,
				4E7A266C1BB8F39800026765 /* ViewController.h */,
				4E7A266D1BB8F39800026765 /* ViewController.m */,
				4E7A266F1BB8F39800026765 /* Main.storyboard */,
				4E7A26721BB8F39800026765 /* Assets.xcassets */,
				4E7A26741BB8F39800026765 /* LaunchScreen.storyboard */,
				4E7A26771BB8F39800026765 /* Info.plist */,
				4E7A26661BB8F39800026765 /* Supporting Files */,
			);
			path = dafafaga;
			sourceTree = "<group>";
		};
		4E7A26661BB8F39800026765 /* Supporting Files */ = {
			isa = PBXGroup;
			children = (
				4E7A26671BB8F39800026765 /* main.m */,
			);
			name = "Supporting Files";
			sourceTree = "<group>";
		};
		4E7A267F1BB8F39800026765 /* dafafagaTests */ = {
			isa = PBXGroup;
			children = (
				4E7A26801BB8F39800026765 /* dafafagaTests.m */,
				4E7A26821BB8F39800026765 /* Info.plist */,
			);
			path = dafafagaTests;
			sourceTree = "<group>";
		};
/* End PBXGroup section */

/* Begin PBXNativeTarget section */
		4E7A26621BB8F39800026765 /* dafafaga */ = {
			isa = PBXNativeTarget;
			buildConfigurationList = 4E7A26851BB8F39800026765 /* Build configuration list for PBXNativeTarget "dafafaga" */;
			buildPhases = (
				4E7A265F1BB8F39800026765 /* Sources */,
				4E7A26601BB8F39800026765 /* Frameworks */,
				4E7A26611BB8F39800026765 /* Resources */,
			);
			buildRules = (
			);
			dependencies = (
			);
			name = dafafaga;
			productName = dafafaga;
			productReference = 4E7A26631BB8F39800026765 /* dafafaga.app */;
			productType = "com.apple.product-type.application";
		};
		4E7A267B1BB8F39800026765 /* dafafagaTests */ = {
			isa = PBXNativeTarget;
			buildConfigurationList = 4E7A26881BB8F39800026765 /* Build configuration list for PBXNativeTarget "dafafagaTests" */;
			buildPhases = (
				4E7A26781BB8F39800026765 /* Sources */,
				4E7A26791BB8F39800026765 /* Frameworks */,
				4E7A267A1BB8F39800026765 /* Resources */,
			);
			buildRules = (
			);
			dependencies = (
				4E7A267E1BB8F39800026765 /* PBXTargetDependency */,
			);
			name = dafafagaTests;
			productName = dafafagaTests;
			productReference = 4E7A267C1BB8F39800026765 /* dafafagaTests.xctest */;
			productType = "com.apple.product-type.bundle.unit-test";
		};
/* End PBXNativeTarget section */

/* Begin PBXProject section */
		4E7A265B1BB8F39800026765 /* Project object */ = {
			isa = PBXProject;
			attributes = {
				LastUpgradeCheck = 0700;
				ORGANIZATIONNAME = wawa;
				TargetAttributes = {
					4E7A26621BB8F39800026765 = {
						CreatedOnToolsVersion = 7.0;
					};
					4E7A267B1BB8F39800026765 = {
						CreatedOnToolsVersion = 7.0;
						TestTargetID = 4E7A26621BB8F39800026765;
					};
				};
			};
			buildConfigurationList = 4E7A265E1BB8F39800026765 /* Build configuration list for PBXProject "dafafaga" */;
			compatibilityVersion = "Xcode 3.2";
			developmentRegion = English;
			hasScannedForEncodings = 0;
			knownRegions = (
				en,
				Base,
			);
			mainGroup = 4E7A265A1BB8F39800026765;
			productRefGroup = 4E7A26641BB8F39800026765 /* Products */;
			projectDirPath = "";
			projectRoot = "";
			targets = (
				4E7A26621BB8F39800026765 /* dafafaga */,
				4E7A267B1BB8F39800026765 /* dafafagaTests */,
			);
		};
/* End PBXProject section */

/* Begin PBXResourcesBuildPhase section */
		4E7A26611BB8F39800026765 /* Resources */ = {
			isa = PBXResourcesBuildPhase;
			buildActionMask = 2147483647;
			files = (
				4E7A26761BB8F39800026765 /* LaunchScreen.storyboard in Resources */,
				4E7A26731BB8F39800026765 /* Assets.xcassets in Resources */,
				4E7A26711BB8F39800026765 /* Main.storyboard in Resources */,
			);
			runOnlyForDeploymentPostprocessing = 0;
		};
		4E7A267A1BB8F39800026765 /* Resources */ = {
			isa = PBXResourcesBuildPhase;
			buildActionMask = 2147483647;
			files = (
			);
			runOnlyForDeploymentPostprocessing = 0;
		};
/* End PBXResourcesBuildPhase section */

/* Begin PBXSourcesBuildPhase section */
		4E7A265F1BB8F39800026765 /* Sources */ = {
			isa = PBXSourcesBuildPhase;
			buildActionMask = 2147483647;
			files = (
				4E7A266E1BB8F39800026765 /* ViewController.m in Sources */,
				4E7A266B1BB8F39800026765 /* AppDelegate.m in Sources */,
				4E7A26681BB8F39800026765 /* main.m in Sources */,
			);
			runOnlyForDeploymentPostprocessing = 0;
		};
		4E7A26781BB8F39800026765 /* Sources */ = {
			isa = PBXSourcesBuildPhase;
			buildActionMask = 2147483647;
			files = (
				4E7A26811BB8F39800026765 /* dafafagaTests.m in Sources */,
			);
			runOnlyForDeploymentPostprocessing = 0;
		};
/* End PBXSourcesBuildPhase section */

/* Begin PBXTargetDependency section */
		4E7A267E1BB8F39800026765 /* PBXTargetDependency */ = {
			isa = PBXTargetDependency;
			target = 4E7A26621BB8F39800026765 /* dafafaga */;
			targetProxy = 4E7A267D1BB8F39800026765 /* PBXContainerItemProxy */;
		};
/* End PBXTargetDependency section */

/* Begin PBXVariantGroup section */
		4E7A266F1BB8F39800026765 /* Main.storyboard */ = {
			isa = PBXVariantGroup;
			children = (
				4E7A26701BB8F39800026765 /* Base */,
			);
			name = Main.storyboard;
			sourceTree = "<group>";
		};
		4E7A26741BB8F39800026765 /* LaunchScreen.storyboard */ = {
			isa = PBXVariantGroup;
			children = (
				4E7A26751BB8F39800026765 /* Base */,
			);
			name = LaunchScreen.storyboard;
			sourceTree = "<group>";
		};
/* End PBXVariantGroup section */

/* Begin XCBuildConfiguration section */
		4E7A26831BB8F39800026765 /* Debug */ = {
			isa = XCBuildConfiguration;
			buildSettings = {
				ALWAYS_SEARCH_USER_PATHS = NO;
				CLANG_CXX_LANGUAGE_STANDARD = "gnu++0x";
				CLANG_CXX_LIBRARY = "libc++";
				CLANG_ENABLE_MODULES = YES;
				CLANG_ENABLE_OBJC_ARC = YES;
				CLANG_WARN_BOOL_CONVERSION = YES;
				CLANG_WARN_CONSTANT_CONVERSION = YES;
				CLANG_WARN_DIRECT_OBJC_ISA_USAGE = YES_ERROR;
				CLANG_WARN_EMPTY_BODY = YES;
				CLANG_WARN_ENUM_CONVERSION = YES;
				CLANG_WARN_INT_CONVERSION = YES;
				CLANG_WARN_OBJC_ROOT_CLASS = YES_ERROR;
				CLANG_WARN_UNREACHABLE_CODE = YES;
				CLANG_WARN__DUPLICATE_METHOD_MATCH = YES;
				"CODE_SIGN_IDENTITY[sdk=iphoneos*]" = "iPhone Developer";
				COPY_PHASE_STRIP = NO;
				DEBUG_INFORMATION_FORMAT = dwarf;
				ENABLE_STRICT_OBJC_MSGSEND = YES;
				ENABLE_TESTABILITY = YES;
				GCC_C_LANGUAGE_STANDARD = gnu99;
				GCC_DYNAMIC_NO_PIC = NO;
				GCC_NO_COMMON_BLOCKS = YES;
				GCC_OPTIMIZATION_LEVEL = 0;
				GCC_PREPROCESSOR_DEFINITIONS = (
					"DEBUG=1",
					"$(inherited)",
				);
				GCC_WARN_64_TO_32_BIT_CONVERSION = YES;
				GCC_WARN_ABOUT_RETURN_TYPE = YES_ERROR;
				GCC_WARN_UNDECLARED_SELECTOR = YES;
				GCC_WARN_UNINITIALIZED_AUTOS = YES_AGGRESSIVE;
				GCC_WARN_UNUSED_FUNCTION = YES;
				GCC_WARN_UNUSED_VARIABLE = YES;
				IPHONEOS_DEPLOYMENT_TARGET = 9.0;
				MTL_ENABLE_DEBUG_INFO = YES;
				ONLY_ACTIVE_ARCH = YES;
				SDKROOT = iphoneos;
				TARGETED_DEVICE_FAMILY = "1,2";
			};
			name = Debug;
		};
		4E7A26841BB8F39800026765 /* Release */ = {
			isa = XCBuildConfiguration;
			buildSettings = {
				ALWAYS_SEARCH_USER_PATHS = NO;
				CLANG_CXX_LANGUAGE_STANDARD = "gnu++0x";
				CLANG_CXX_LIBRARY = "libc++";
				CLANG_ENABLE_MODULES = YES;
				CLANG_ENABLE_OBJC_ARC = YES;
				CLANG_WARN_BOOL_CONVERSION = YES;
				CLANG_WARN_CONSTANT_CONVERSION = YES;
				CLANG_WARN_DIRECT_OBJC_ISA_USAGE = YES_ERROR;
				CLANG_WARN_EMPTY_BODY = YES;
				CLANG_WARN_ENUM_CONVERSION = YES;
				CLANG_WARN_INT_CONVERSION = YES;
				CLANG_WARN_OBJC_ROOT_CLASS = YES_ERROR;
				CLANG_WARN_UNREACHABLE_CODE = YES;
				CLANG_WARN__DUPLICATE_METHOD_MATCH = YES;
				"CODE_SIGN_IDENTITY[sdk=iphoneos*]" = "iPhone Developer";
				COPY_PHASE_STRIP = NO;
				DEBUG_INFORMATION_FORMAT = "dwarf-with-dsym";
				ENABLE_NS_ASSERTIONS = NO;
				ENABLE_STRICT_OBJC_MSGSEND = YES;
				GCC_C_LANGUAGE_STANDARD = gnu99;
				GCC_NO_COMMON_BLOCKS = YES;
				GCC_WARN_64_TO_32_BIT_CONVERSION = YES;
				GCC_WARN_ABOUT_RETURN_TYPE = YES_ERROR;
				GCC_WARN_UNDECLARED_SELECTOR = YES;
				GCC_WARN_UNINITIALIZED_AUTOS = YES_AGGRESSIVE;
				GCC_WARN_UNUSED_FUNCTION = YES;
				GCC_WARN_UNUSED_VARIABLE = YES;
				IPHONEOS_DEPLOYMENT_TARGET = 9.0;
				MTL_ENABLE_DEBUG_INFO = NO;
				SDKROOT = iphoneos;
				TARGETED_DEVICE_FAMILY = "1,2";
				VALIDATE_PRODUCT = YES;
			};
			name = Release;
		};
		4E7A26861BB8F39800026765 /* Debug */ = {
			isa = XCBuildConfiguration;
			buildSettings = {
				ASSETCATALOG_COMPILER_APPICON_NAME = AppIcon;
				INFOPLIST_FILE = dafafaga/Info.plist;
				LD_RUNPATH_SEARCH_PATHS = "$(inherited) @executable_path/Frameworks";
				PRODUCT_BUNDLE_IDENTIFIER = fm.wawa.mail.dafafaga;
				PRODUCT_NAME = "$(TARGET_NAME)";
			};
			name = Debug;
		};
		4E7A26871BB8F39800026765 /* Release */ = {
			isa = XCBuildConfiguration;
			buildSettings = {
				ASSETCATALOG_COMPILER_APPICON_NAME = AppIcon;
				INFOPLIST_FILE = dafafaga/Info.plist;
				LD_RUNPATH_SEARCH_PATHS = "$(inherited) @executable_path/Frameworks";
				PRODUCT_BUNDLE_IDENTIFIER = fm.wawa.mail.dafafaga;
				PRODUCT_NAME = "$(TARGET_NAME)";
			};
			name = Release;
		};
		4E7A26891BB8F39800026765 /* Debug */ = {
			isa = XCBuildConfiguration;
			buildSettings = {
				BUNDLE_LOADER = "$(TEST_HOST)";
				INFOPLIST_FILE = dafafagaTests/Info.plist;
				LD_RUNPATH_SEARCH_PATHS = "$(inherited) @executable_path/Frameworks @loader_path/Frameworks";
				PRODUCT_BUNDLE_IDENTIFIER = fm.wawa.mail.dafafagaTests;
				PRODUCT_NAME = "$(TARGET_NAME)";
				TEST_HOST = "$(BUILT_PRODUCTS_DIR)/dafafaga.app/dafafaga";
			};
			name = Debug;
		};
		4E7A268A1BB8F39800026765 /* Release */ = {
			isa = XCBuildConfiguration;
			buildSettings = {
				BUNDLE_LOADER = "$(TEST_HOST)";
				INFOPLIST_FILE = dafafagaTests/Info.plist;
				LD_RUNPATH_SEARCH_PATHS = "$(inherited) @executable_path/Frameworks @loader_path/Frameworks";
				PRODUCT_BUNDLE_IDENTIFIER = fm.wawa.mail.dafafagaTests;
				PRODUCT_NAME = "$(TARGET_NAME)";
				TEST_HOST = "$(BUILT_PRODUCTS_DIR)/dafafaga.app/dafafaga";
			};
			name = Release;
		};
/* End XCBuildConfiguration section */

/* Begin XCConfigurationList section */
		4E7A265E1BB8F39800026765 /* Build configuration list for PBXProject "dafafaga" */ = {
			isa = XCConfigurationList;
			buildConfigurations = (
				4E7A26831BB8F39800026765 /* Debug */,
				4E7A26841BB8F39800026765 /* Release */,
			);
			defaultConfigurationIsVisible = 0;
			defaultConfigurationName = Release;
		};
		4E7A26851BB8F39800026765 /* Build configuration list for PBXNativeTarget "dafafaga" */ = {
			isa = XCConfigurationList;
			buildConfigurations = (
				4E7A26861BB8F39800026765 /* Debug */,
				4E7A26871BB8F39800026765 /* Release */,
			);
			defaultConfigurationIsVisible = 0;
		};
		4E7A26881BB8F39800026765 /* Build configuration list for PBXNativeTarget "dafafagaTests" */ = {
			isa = XCConfigurationList;
			buildConfigurations = (
				4E7A26891BB8F39800026765 /* Debug */,
				4E7A268A1BB8F39800026765 /* Release */,
			);
			defaultConfigurationIsVisible = 0;
		};
/* End XCConfigurationList section */
	};
	rootObject = 4E7A265B1BB8F39800026765 /* Project object */;
}
