// !$*UTF8*$!
{
	archiveVersion = 1;
	classes = {
	};
	objectVersion = 46;
	objects = {

/* Begin PBXBuildFile section */
		4EFC35E11BB8F5CC00D21418 /* main.m in Sources */ = {isa = PBXBuildFile; fileRef = 4EFC35E01BB8F5CC00D21418 /* main.m */; };
		4EFC35E41BB8F5CC00D21418 /* AppDelegate.m in Sources */ = {isa = PBXBuildFile; fileRef = 4EFC35E31BB8F5CC00D21418 /* AppDelegate.m */; };
		4EFC35E71BB8F5CC00D21418 /* ViewController.m in Sources */ = {isa = PBXBuildFile; fileRef = 4EFC35E61BB8F5CC00D21418 /* ViewController.m */; };
		4EFC35EA1BB8F5CC00D21418 /* Main.storyboard in Resources */ = {isa = PBXBuildFile; fileRef = 4EFC35E81BB8F5CC00D21418 /* Main.storyboard */; };
		4EFC35EC1BB8F5CC00D21418 /* Assets.xcassets in Resources */ = {isa = PBXBuildFile; fileRef = 4EFC35EB1BB8F5CC00D21418 /* Assets.xcassets */; };
		4EFC35EF1BB8F5CC00D21418 /* LaunchScreen.storyboard in Resources */ = {isa = PBXBuildFile; fileRef = 4EFC35ED1BB8F5CC00D21418 /* LaunchScreen.storyboard */; };
		4EFC35FA1BB8F5CC00D21418 /* joeiwjfalTests.m in Sources */ = {isa = PBXBuildFile; fileRef = 4EFC35F91BB8F5CC00D21418 /* joeiwjfalTests.m */; };
/* End PBXBuildFile section */

/* Begin PBXContainerItemProxy section */
		4EFC35F61BB8F5CC00D21418 /* PBXContainerItemProxy */ = {
			isa = PBXContainerItemProxy;
			containerPortal = 4EFC35D41BB8F5CC00D21418 /* Project object */;
			proxyType = 1;
			remoteGlobalIDString = 4EFC35DB1BB8F5CC00D21418;
			remoteInfo = joeiwjfal;
		};
/* End PBXContainerItemProxy section */

/* Begin PBXFileReference section */
		4EFC35DC1BB8F5CC00D21418 /* joeiwjfal.app */ = {isa = PBXFileReference; explicitFileType = wrapper.application; includeInIndex = 0; path = joeiwjfal.app; sourceTree = BUILT_PRODUCTS_DIR; };
		4EFC35E01BB8F5CC00D21418 /* main.m */ = {isa = PBXFileReference; lastKnownFileType = sourcecode.c.objc; path = main.m; sourceTree = "<group>"; };
		4EFC35E21BB8F5CC00D21418 /* AppDelegate.h */ = {isa = PBXFileReference; lastKnownFileType = sourcecode.c.h; path = AppDelegate.h; sourceTree = "<group>"; };
		4EFC35E31BB8F5CC00D21418 /* AppDelegate.m */ = {isa = PBXFileReference; lastKnownFileType = sourcecode.c.objc; path = AppDelegate.m; sourceTree = "<group>"; };
		4EFC35E51BB8F5CC00D21418 /* ViewController.h */ = {isa = PBXFileReference; lastKnownFileType = sourcecode.c.h; path = ViewController.h; sourceTree = "<group>"; };
		4EFC35E61BB8F5CC00D21418 /* ViewController.m */ = {isa = PBXFileReference; lastKnownFileType = sourcecode.c.objc; path = ViewController.m; sourceTree = "<group>"; };
		4EFC35E91BB8F5CC00D21418 /* Base */ = {isa = PBXFileReference; lastKnownFileType = file.storyboard; name = Base; path = Base.lproj/Main.storyboard; sourceTree = "<group>"; };
		4EFC35EB1BB8F5CC00D21418 /* Assets.xcassets */ = {isa = PBXFileReference; lastKnownFileType = folder.assetcatalog; path = Assets.xcassets; sourceTree = "<group>"; };
		4EFC35EE1BB8F5CC00D21418 /* Base */ = {isa = PBXFileReference; lastKnownFileType = file.storyboard; name = Base; path = Base.lproj/LaunchScreen.storyboard; sourceTree = "<group>"; };
		4EFC35F01BB8F5CC00D21418 /* Info.plist */ = {isa = PBXFileReference; lastKnownFileType = text.plist.xml; path = Info.plist; sourceTree = "<group>"; };
		4EFC35F51BB8F5CC00D21418 /* joeiwjfalTests.xctest */ = {isa = PBXFileReference; explicitFileType = wrapper.cfbundle; includeInIndex = 0; path = joeiwjfalTests.xctest; sourceTree = BUILT_PRODUCTS_DIR; };
		4EFC35F91BB8F5CC00D21418 /* joeiwjfalTests.m */ = {isa = PBXFileReference; lastKnownFileType = sourcecode.c.objc; path = joeiwjfalTests.m; sourceTree = "<group>"; };
		4EFC35FB1BB8F5CC00D21418 /* Info.plist */ = {isa = PBXFileReference; lastKnownFileType = text.plist.xml; path = Info.plist; sourceTree = "<group>"; };
/* End PBXFileReference section */

/* Begin PBXFrameworksBuildPhase section */
		4EFC35D91BB8F5CC00D21418 /* Frameworks */ = {
			isa = PBXFrameworksBuildPhase;
			buildActionMask = 2147483647;
			files = (
			);
			runOnlyForDeploymentPostprocessing = 0;
		};
		4EFC35F21BB8F5CC00D21418 /* Frameworks */ = {
			isa = PBXFrameworksBuildPhase;
			buildActionMask = 2147483647;
			files = (
			);
			runOnlyForDeploymentPostprocessing = 0;
		};
/* End PBXFrameworksBuildPhase section */

/* Begin PBXGroup section */
		4EFC35D31BB8F5CC00D21418 = {
			isa = PBXGroup;
			children = (
				4EFC35DE1BB8F5CC00D21418 /* joeiwjfal */,
				4EFC35F81BB8F5CC00D21418 /* joeiwjfalTests */,
				4EFC35DD1BB8F5CC00D21418 /* Products */,
			);
			sourceTree = "<group>";
		};
		4EFC35DD1BB8F5CC00D21418 /* Products */ = {
			isa = PBXGroup;
			children = (
				4EFC35DC1BB8F5CC00D21418 /* joeiwjfal.app */,
				4EFC35F51BB8F5CC00D21418 /* joeiwjfalTests.xctest */,
			);
			name = Products;
			sourceTree = "<group>";
		};
		4EFC35DE1BB8F5CC00D21418 /* joeiwjfal */ = {
			isa = PBXGroup;
			children = (
				4EFC35E21BB8F5CC00D21418 /* AppDelegate.h */,
				4EFC35E31BB8F5CC00D21418 /* AppDelegate.m */,
				4EFC35E51BB8F5CC00D21418 /* ViewController.h */,
				4EFC35E61BB8F5CC00D21418 /* ViewController.m */,
				4EFC35E81BB8F5CC00D21418 /* Main.storyboard */,
				4EFC35EB1BB8F5CC00D21418 /* Assets.xcassets */,
				4EFC35ED1BB8F5CC00D21418 /* LaunchScreen.storyboard */,
				4EFC35F01BB8F5CC00D21418 /* Info.plist */,
				4EFC35DF1BB8F5CC00D21418 /* Supporting Files */,
			);
			path = joeiwjfal;
			sourceTree = "<group>";
		};
		4EFC35DF1BB8F5CC00D21418 /* Supporting Files */ = {
			isa = PBXGroup;
			children = (
				4EFC35E01BB8F5CC00D21418 /* main.m */,
			);
			name = "Supporting Files";
			sourceTree = "<group>";
		};
		4EFC35F81BB8F5CC00D21418 /* joeiwjfalTests */ = {
			isa = PBXGroup;
			children = (
				4EFC35F91BB8F5CC00D21418 /* joeiwjfalTests.m */,
				4EFC35FB1BB8F5CC00D21418 /* Info.plist */,
			);
			path = joeiwjfalTests;
			sourceTree = "<group>";
		};
/* End PBXGroup section */

/* Begin PBXNativeTarget section */
		4EFC35DB1BB8F5CC00D21418 /* joeiwjfal */ = {
			isa = PBXNativeTarget;
			buildConfigurationList = 4EFC35FE1BB8F5CC00D21418 /* Build configuration list for PBXNativeTarget "joeiwjfal" */;
			buildPhases = (
				4EFC35D81BB8F5CC00D21418 /* Sources */,
				4EFC35D91BB8F5CC00D21418 /* Frameworks */,
				4EFC35DA1BB8F5CC00D21418 /* Resources */,
			);
			buildRules = (
			);
			dependencies = (
			);
			name = joeiwjfal;
			productName = joeiwjfal;
			productReference = 4EFC35DC1BB8F5CC00D21418 /* joeiwjfal.app */;
			productType = "com.apple.product-type.application";
		};
		4EFC35F41BB8F5CC00D21418 /* joeiwjfalTests */ = {
			isa = PBXNativeTarget;
			buildConfigurationList = 4EFC36011BB8F5CC00D21418 /* Build configuration list for PBXNativeTarget "joeiwjfalTests" */;
			buildPhases = (
				4EFC35F11BB8F5CC00D21418 /* Sources */,
				4EFC35F21BB8F5CC00D21418 /* Frameworks */,
				4EFC35F31BB8F5CC00D21418 /* Resources */,
			);
			buildRules = (
			);
			dependencies = (
				4EFC35F71BB8F5CC00D21418 /* PBXTargetDependency */,
			);
			name = joeiwjfalTests;
			productName = joeiwjfalTests;
			productReference = 4EFC35F51BB8F5CC00D21418 /* joeiwjfalTests.xctest */;
			productType = "com.apple.product-type.bundle.unit-test";
		};
/* End PBXNativeTarget section */

/* Begin PBXProject section */
		4EFC35D41BB8F5CC00D21418 /* Project object */ = {
			isa = PBXProject;
			attributes = {
				LastUpgradeCheck = 0700;
				ORGANIZATIONNAME = wawa;
				TargetAttributes = {
					4EFC35DB1BB8F5CC00D21418 = {
						CreatedOnToolsVersion = 7.0;
					};
					4EFC35F41BB8F5CC00D21418 = {
						CreatedOnToolsVersion = 7.0;
						TestTargetID = 4EFC35DB1BB8F5CC00D21418;
					};
				};
			};
			buildConfigurationList = 4EFC35D71BB8F5CC00D21418 /* Build configuration list for PBXProject "joeiwjfal" */;
			compatibilityVersion = "Xcode 3.2";
			developmentRegion = English;
			hasScannedForEncodings = 0;
			knownRegions = (
				en,
				Base,
			);
			mainGroup = 4EFC35D31BB8F5CC00D21418;
			productRefGroup = 4EFC35DD1BB8F5CC00D21418 /* Products */;
			projectDirPath = "";
			projectRoot = "";
			targets = (
				4EFC35DB1BB8F5CC00D21418 /* joeiwjfal */,
				4EFC35F41BB8F5CC00D21418 /* joeiwjfalTests */,
			);
		};
/* End PBXProject section */

/* Begin PBXResourcesBuildPhase section */
		4EFC35DA1BB8F5CC00D21418 /* Resources */ = {
			isa = PBXResourcesBuildPhase;
			buildActionMask = 2147483647;
			files = (
				4EFC35EF1BB8F5CC00D21418 /* LaunchScreen.storyboard in Resources */,
				4EFC35EC1BB8F5CC00D21418 /* Assets.xcassets in Resources */,
				4EFC35EA1BB8F5CC00D21418 /* Main.storyboard in Resources */,
			);
			runOnlyForDeploymentPostprocessing = 0;
		};
		4EFC35F31BB8F5CC00D21418 /* Resources */ = {
			isa = PBXResourcesBuildPhase;
			buildActionMask = 2147483647;
			files = (
			);
			runOnlyForDeploymentPostprocessing = 0;
		};
/* End PBXResourcesBuildPhase section */

/* Begin PBXSourcesBuildPhase section */
		4EFC35D81BB8F5CC00D21418 /* Sources */ = {
			isa = PBXSourcesBuildPhase;
			buildActionMask = 2147483647;
			files = (
				4EFC35E71BB8F5CC00D21418 /* ViewController.m in Sources */,
				4EFC35E41BB8F5CC00D21418 /* AppDelegate.m in Sources */,
				4EFC35E11BB8F5CC00D21418 /* main.m in Sources */,
			);
			runOnlyForDeploymentPostprocessing = 0;
		};
		4EFC35F11BB8F5CC00D21418 /* Sources */ = {
			isa = PBXSourcesBuildPhase;
			buildActionMask = 2147483647;
			files = (
				4EFC35FA1BB8F5CC00D21418 /* joeiwjfalTests.m in Sources */,
			);
			runOnlyForDeploymentPostprocessing = 0;
		};
/* End PBXSourcesBuildPhase section */

/* Begin PBXTargetDependency section */
		4EFC35F71BB8F5CC00D21418 /* PBXTargetDependency */ = {
			isa = PBXTargetDependency;
			target = 4EFC35DB1BB8F5CC00D21418 /* joeiwjfal */;
			targetProxy = 4EFC35F61BB8F5CC00D21418 /* PBXContainerItemProxy */;
		};
/* End PBXTargetDependency section */

/* Begin PBXVariantGroup section */
		4EFC35E81BB8F5CC00D21418 /* Main.storyboard */ = {
			isa = PBXVariantGroup;
			children = (
				4EFC35E91BB8F5CC00D21418 /* Base */,
			);
			name = Main.storyboard;
			sourceTree = "<group>";
		};
		4EFC35ED1BB8F5CC00D21418 /* LaunchScreen.storyboard */ = {
			isa = PBXVariantGroup;
			children = (
				4EFC35EE1BB8F5CC00D21418 /* Base */,
			);
			name = LaunchScreen.storyboard;
			sourceTree = "<group>";
		};
/* End PBXVariantGroup section */

/* Begin XCBuildConfiguration section */
		4EFC35FC1BB8F5CC00D21418 /* Debug */ = {
			isa = XCBuildConfiguration;
			buildSettings = {
				ALWAYS_SEARCH_USER_PATHS = NO;
				CLANG_CXX_LANGUAGE_STANDARD = "gnu++0x";
				CLANG_CXX_LIBRARY = "libc++";
				CLANG_ENABLE_MODULES = YES;
				CLANG_ENABLE_OBJC_ARC = YES;
				CLANG_WARN_BOOL_CONVERSION = YES;
				CLANG_WARN_CONSTANT_CONVERSION = YES;
				CLANG_WARN_DIRECT_OBJC_ISA_USAGE = YES_ERROR;
				CLANG_WARN_EMPTY_BODY = YES;
				CLANG_WARN_ENUM_CONVERSION = YES;
				CLANG_WARN_INT_CONVERSION = YES;
				CLANG_WARN_OBJC_ROOT_CLASS = YES_ERROR;
				CLANG_WARN_UNREACHABLE_CODE = YES;
				CLANG_WARN__DUPLICATE_METHOD_MATCH = YES;
				"CODE_SIGN_IDENTITY[sdk=iphoneos*]" = "iPhone Developer";
				COPY_PHASE_STRIP = NO;
				DEBUG_INFORMATION_FORMAT = dwarf;
				ENABLE_STRICT_OBJC_MSGSEND = YES;
				ENABLE_TESTABILITY = YES;
				GCC_C_LANGUAGE_STANDARD = gnu99;
				GCC_DYNAMIC_NO_PIC = NO;
				GCC_NO_COMMON_BLOCKS = YES;
				GCC_OPTIMIZATION_LEVEL = 0;
				GCC_PREPROCESSOR_DEFINITIONS = (
					"DEBUG=1",
					"$(inherited)",
				);
				GCC_WARN_64_TO_32_BIT_CONVERSION = YES;
				GCC_WARN_ABOUT_RETURN_TYPE = YES_ERROR;
				GCC_WARN_UNDECLARED_SELECTOR = YES;
				GCC_WARN_UNINITIALIZED_AUTOS = YES_AGGRESSIVE;
				GCC_WARN_UNUSED_FUNCTION = YES;
				GCC_WARN_UNUSED_VARIABLE = YES;
				IPHONEOS_DEPLOYMENT_TARGET = 9.0;
				MTL_ENABLE_DEBUG_INFO = YES;
				ONLY_ACTIVE_ARCH = YES;
				SDKROOT = iphoneos;
				TARGETED_DEVICE_FAMILY = "1,2";
			};
			name = Debug;
		};
		4EFC35FD1BB8F5CC00D21418 /* Release */ = {
			isa = XCBuildConfiguration;
			buildSettings = {
				ALWAYS_SEARCH_USER_PATHS = NO;
				CLANG_CXX_LANGUAGE_STANDARD = "gnu++0x";
				CLANG_CXX_LIBRARY = "libc++";
				CLANG_ENABLE_MODULES = YES;
				CLANG_ENABLE_OBJC_ARC = YES;
				CLANG_WARN_BOOL_CONVERSION = YES;
				CLANG_WARN_CONSTANT_CONVERSION = YES;
				CLANG_WARN_DIRECT_OBJC_ISA_USAGE = YES_ERROR;
				CLANG_WARN_EMPTY_BODY = YES;
				CLANG_WARN_ENUM_CONVERSION = YES;
				CLANG_WARN_INT_CONVERSION = YES;
				CLANG_WARN_OBJC_ROOT_CLASS = YES_ERROR;
				CLANG_WARN_UNREACHABLE_CODE = YES;
				CLANG_WARN__DUPLICATE_METHOD_MATCH = YES;
				"CODE_SIGN_IDENTITY[sdk=iphoneos*]" = "iPhone Developer";
				COPY_PHASE_STRIP = NO;
				DEBUG_INFORMATION_FORMAT = "dwarf-with-dsym";
				ENABLE_NS_ASSERTIONS = NO;
				ENABLE_STRICT_OBJC_MSGSEND = YES;
				GCC_C_LANGUAGE_STANDARD = gnu99;
				GCC_NO_COMMON_BLOCKS = YES;
				GCC_WARN_64_TO_32_BIT_CONVERSION = YES;
				GCC_WARN_ABOUT_RETURN_TYPE = YES_ERROR;
				GCC_WARN_UNDECLARED_SELECTOR = YES;
				GCC_WARN_UNINITIALIZED_AUTOS = YES_AGGRESSIVE;
				GCC_WARN_UNUSED_FUNCTION = YES;
				GCC_WARN_UNUSED_VARIABLE = YES;
				IPHONEOS_DEPLOYMENT_TARGET = 9.0;
				MTL_ENABLE_DEBUG_INFO = NO;
				SDKROOT = iphoneos;
				TARGETED_DEVICE_FAMILY = "1,2";
				VALIDATE_PRODUCT = YES;
			};
			name = Release;
		};
		4EFC35FF1BB8F5CC00D21418 /* Debug */ = {
			isa = XCBuildConfiguration;
			buildSettings = {
				ASSETCATALOG_COMPILER_APPICON_NAME = AppIcon;
				INFOPLIST_FILE = joeiwjfal/Info.plist;
				LD_RUNPATH_SEARCH_PATHS = "$(inherited) @executable_path/Frameworks";
				PRODUCT_BUNDLE_IDENTIFIER = fm.wawa.mail.joeiwjfal;
				PRODUCT_NAME = "$(TARGET_NAME)";
			};
			name = Debug;
		};
		4EFC36001BB8F5CC00D21418 /* Release */ = {
			isa = XCBuildConfiguration;
			buildSettings = {
				ASSETCATALOG_COMPILER_APPICON_NAME = AppIcon;
				INFOPLIST_FILE = joeiwjfal/Info.plist;
				LD_RUNPATH_SEARCH_PATHS = "$(inherited) @executable_path/Frameworks";
				PRODUCT_BUNDLE_IDENTIFIER = fm.wawa.mail.joeiwjfal;
				PRODUCT_NAME = "$(TARGET_NAME)";
			};
			name = Release;
		};
		4EFC36021BB8F5CC00D21418 /* Debug */ = {
			isa = XCBuildConfiguration;
			buildSettings = {
				BUNDLE_LOADER = "$(TEST_HOST)";
				INFOPLIST_FILE = joeiwjfalTests/Info.plist;
				LD_RUNPATH_SEARCH_PATHS = "$(inherited) @executable_path/Frameworks @loader_path/Frameworks";
				PRODUCT_BUNDLE_IDENTIFIER = fm.wawa.mail.joeiwjfalTests;
				PRODUCT_NAME = "$(TARGET_NAME)";
				TEST_HOST = "$(BUILT_PRODUCTS_DIR)/joeiwjfal.app/joeiwjfal";
			};
			name = Debug;
		};
		4EFC36031BB8F5CC00D21418 /* Release */ = {
			isa = XCBuildConfiguration;
			buildSettings = {
				BUNDLE_LOADER = "$(TEST_HOST)";
				INFOPLIST_FILE = joeiwjfalTests/Info.plist;
				LD_RUNPATH_SEARCH_PATHS = "$(inherited) @executable_path/Frameworks @loader_path/Frameworks";
				PRODUCT_BUNDLE_IDENTIFIER = fm.wawa.mail.joeiwjfalTests;
				PRODUCT_NAME = "$(TARGET_NAME)";
				TEST_HOST = "$(BUILT_PRODUCTS_DIR)/joeiwjfal.app/joeiwjfal";
			};
			name = Release;
		};
/* End XCBuildConfiguration section */

/* Begin XCConfigurationList section */
		4EFC35D71BB8F5CC00D21418 /* Build configuration list for PBXProject "joeiwjfal" */ = {
			isa = XCConfigurationList;
			buildConfigurations = (
				4EFC35FC1BB8F5CC00D21418 /* Debug */,
				4EFC35FD1BB8F5CC00D21418 /* Release */,
			);
			defaultConfigurationIsVisible = 0;
			defaultConfigurationName = Release;
		};
		4EFC35FE1BB8F5CC00D21418 /* Build configuration list for PBXNativeTarget "joeiwjfal" */ = {
			isa = XCConfigurationList;
			buildConfigurations = (
				4EFC35FF1BB8F5CC00D21418 /* Debug */,
				4EFC36001BB8F5CC00D21418 /* Release */,
			);
			defaultConfigurationIsVisible = 0;
		};
		4EFC36011BB8F5CC00D21418 /* Build configuration list for PBXNativeTarget "joeiwjfalTests" */ = {
			isa = XCConfigurationList;
			buildConfigurations = (
				4EFC36021BB8F5CC00D21418 /* Debug */,
				4EFC36031BB8F5CC00D21418 /* Release */,
			);
			defaultConfigurationIsVisible = 0;
		};
/* End XCConfigurationList section */
	};
	rootObject = 4EFC35D41BB8F5CC00D21418 /* Project object */;
}
